
Microsoft Visual Studio Solution File, Format Version 12.00
# Visual Studio 15
VisualStudioVersion = 15.0.28307.168
MinimumVisualStudioVersion = 10.0.40219.1
Project("{FAE04EC0-301F-11D3-BF4B-00C04F79EFBC}") = "Side.TimeStamp.Helper.Standard", "Side.TimeStamp.Helper.Standard\Side.TimeStamp.Helper.Standard.csproj", "{C248E578-3878-4F03-8B76-2D62A7A14B8A}"
EndProject
Project("{FAE04EC0-301F-11D3-BF4B-00C04F79EFBC}") = "Side.TimeStamp.Helper.Tests", "Side.TimeStamp.Helper.Tests\Side.TimeStamp.Helper.Tests.csproj", "{061D939D-F0F6-46E5-B6C8-8DFD66BB095A}"
EndProject
Project("{FAE04EC0-301F-11D3-BF4B-00C04F79EFBC}") = "Side.TimeStamp.Helper.Sample", "Side.TimeStamp.Helper.Sample\Side.TimeStamp.Helper.Sample.csproj", "{69C9AADF-1A2A-466F-871A-F326DC479E36}"
EndProject
Global
	GlobalSection(SolutionConfigurationPlatforms) = preSolution
		Debug|Any CPU = Debug|Any CPU
		Release|Any CPU = Release|Any CPU
	EndGlobalSection
	GlobalSection(ProjectConfigurationPlatforms) = postSolution
		{C248E578-3878-4F03-8B76-2D62A7A14B8A}.Debug|Any CPU.ActiveCfg = Debug|Any CPU
		{C248E578-3878-4F03-8B76-2D62A7A14B8A}.Debug|Any CPU.Build.0 = Debug|Any CPU
		{C248E578-3878-4F03-8B76-2D62A7A14B8A}.Release|Any CPU.ActiveCfg = Release|Any CPU
		{C248E578-3878-4F03-8B76-2D62A7A14B8A}.Release|Any CPU.Build.0 = Release|Any CPU
		{061D939D-F0F6-46E5-B6C8-8DFD66BB095A}.Debug|Any CPU.ActiveCfg = Debug|Any CPU
		{061D939D-F0F6-46E5-B6C8-8DFD66BB095A}.Debug|Any CPU.Build.0 = Debug|Any CPU
		{061D939D-F0F6-46E5-B6C8-8DFD66BB095A}.Release|Any CPU.ActiveCfg = Release|Any CPU
		{061D939D-F0F6-46E5-B6C8-8DFD66BB095A}.Release|Any CPU.Build.0 = Release|Any CPU
		{69C9AADF-1A2A-466F-871A-F326DC479E36}.Debug|Any CPU.ActiveCfg = Debug|Any CPU
		{69C9AADF-1A2A-466F-871A-F326DC479E36}.Debug|Any CPU.Build.0 = Debug|Any CPU
		{69C9AADF-1A2A-466F-871A-F326DC479E36}.Release|Any CPU.ActiveCfg = Release|Any CPU
		{69C9AADF-1A2A-466F-871A-F326DC479E36}.Release|Any CPU.Build.0 = Release|Any CPU
	EndGlobalSection
	GlobalSection(SolutionProperties) = preSolution
		HideSolutionNode = FALSE
	EndGlobalSection
	GlobalSection(ExtensibilityGlobals) = postSolution
		SolutionGuid = {02990796-FBE2-4F4C-90B4-BF4F10D8F5A8}
	EndGlobalSection
EndGlobal
